
Microsoft Visual Studio Solution File, Format Version 12.00
# Visual Studio 15
VisualStudioVersion = 15.0.27428.2015
MinimumVisualStudioVersion = 10.0.40219.1
Project("{8BC9CEB8-8B4A-11D0-8D11-00A0C91BC942}") = "Perceptron", "Perceptron\Perceptron.vcxproj", "{D4E6DEC1-6B7A-42A3-A4DB-261AE2340134}"
EndProject
Project("{FAE04EC0-301F-11D3-BF4B-00C04F79EFBC}") = "PointClassifier", "PointClassifier\PointClassifier.csproj", "{3AFF4843-A37F-4AA4-8C20-7DD005438144}"
EndProject
Global
	GlobalSection(SolutionConfigurationPlatforms) = preSolution
		Debug|Any CPU = Debug|Any CPU
		Debug|x64 = Debug|x64
		Debug|x86 = Debug|x86
		Release|Any CPU = Release|Any CPU
		Release|x64 = Release|x64
		Release|x86 = Release|x86
	EndGlobalSection
	GlobalSection(ProjectConfigurationPlatforms) = postSolution
		{D4E6DEC1-6B7A-42A3-A4DB-261AE2340134}.Debug|Any CPU.ActiveCfg = Debug|Win32
		{D4E6DEC1-6B7A-42A3-A4DB-261AE2340134}.Debug|x64.ActiveCfg = Debug|x64
		{D4E6DEC1-6B7A-42A3-A4DB-261AE2340134}.Debug|x64.Build.0 = Debug|x64
		{D4E6DEC1-6B7A-42A3-A4DB-261AE2340134}.Debug|x86.ActiveCfg = Debug|Win32
		{D4E6DEC1-6B7A-42A3-A4DB-261AE2340134}.Debug|x86.Build.0 = Debug|Win32
		{D4E6DEC1-6B7A-42A3-A4DB-261AE2340134}.Release|Any CPU.ActiveCfg = Release|Win32
		{D4E6DEC1-6B7A-42A3-A4DB-261AE2340134}.Release|x64.ActiveCfg = Release|x64
		{D4E6DEC1-6B7A-42A3-A4DB-261AE2340134}.Release|x64.Build.0 = Release|x64
		{D4E6DEC1-6B7A-42A3-A4DB-261AE2340134}.Release|x86.ActiveCfg = Release|Win32
		{D4E6DEC1-6B7A-42A3-A4DB-261AE2340134}.Release|x86.Build.0 = Release|Win32
		{3AFF4843-A37F-4AA4-8C20-7DD005438144}.Debug|Any CPU.ActiveCfg = Debug|Any CPU
		{3AFF4843-A37F-4AA4-8C20-7DD005438144}.Debug|Any CPU.Build.0 = Debug|Any CPU
		{3AFF4843-A37F-4AA4-8C20-7DD005438144}.Debug|x64.ActiveCfg = Debug|Any CPU
		{3AFF4843-A37F-4AA4-8C20-7DD005438144}.Debug|x64.Build.0 = Debug|Any CPU
		{3AFF4843-A37F-4AA4-8C20-7DD005438144}.Debug|x86.ActiveCfg = Debug|Any CPU
		{3AFF4843-A37F-4AA4-8C20-7DD005438144}.Debug|x86.Build.0 = Debug|Any CPU
		{3AFF4843-A37F-4AA4-8C20-7DD005438144}.Release|Any CPU.ActiveCfg = Release|Any CPU
		{3AFF4843-A37F-4AA4-8C20-7DD005438144}.Release|Any CPU.Build.0 = Release|Any CPU
		{3AFF4843-A37F-4AA4-8C20-7DD005438144}.Release|x64.ActiveCfg = Release|Any CPU
		{3AFF4843-A37F-4AA4-8C20-7DD005438144}.Release|x64.Build.0 = Release|Any CPU
		{3AFF4843-A37F-4AA4-8C20-7DD005438144}.Release|x86.ActiveCfg = Release|Any CPU
		{3AFF4843-A37F-4AA4-8C20-7DD005438144}.Release|x86.Build.0 = Release|Any CPU
	EndGlobalSection
	GlobalSection(SolutionProperties) = preSolution
		HideSolutionNode = FALSE
	EndGlobalSection
	GlobalSection(ExtensibilityGlobals) = postSolution
		SolutionGuid = {302726B6-B3F5-4A2A-BC0B-768AA75E8F16}
	EndGlobalSection
EndGlobal
